// !$*UTF8*$!
{
	archiveVersion = 1;
	classes = {
	};
	objectVersion = 51;
	objects = {

/* Begin PBXBuildFile section */
		95AEB8E3241DEA7700559F63 /* AppDelegate.swift in Sources */ = {isa = PBXBuildFile; fileRef = 95AEB8E2241DEA7700559F63 /* AppDelegate.swift */; };
		95AEB8E5241DEA7700559F63 /* SceneDelegate.swift in Sources */ = {isa = PBXBuildFile; fileRef = 95AEB8E4241DEA7700559F63 /* SceneDelegate.swift */; };
		95AEB8E7241DEA7700559F63 /* ContentView.swift in Sources */ = {isa = PBXBuildFile; fileRef = 95AEB8E6241DEA7700559F63 /* ContentView.swift */; };
		95AEB8E9241DEA7900559F63 /* Assets.xcassets in Resources */ = {isa = PBXBuildFile; fileRef = 95AEB8E8241DEA7900559F63 /* Assets.xcassets */; };
		95AEB8EC241DEA7A00559F63 /* Preview Assets.xcassets in Resources */ = {isa = PBXBuildFile; fileRef = 95AEB8EB241DEA7A00559F63 /* Preview Assets.xcassets */; };
		95AEB8EF241DEA7A00559F63 /* LaunchScreen.storyboard in Resources */ = {isa = PBXBuildFile; fileRef = 95AEB8ED241DEA7A00559F63 /* LaunchScreen.storyboard */; };
		95AEB8F7241E02CD00559F63 /* GoogleService-Info.plist in Resources */ = {isa = PBXBuildFile; fileRef = 95AEB8F6241E02CD00559F63 /* GoogleService-Info.plist */; };
		95AEB8F9241E07D700559F63 /* ResultViewModel.swift in Sources */ = {isa = PBXBuildFile; fileRef = 95AEB8F8241E07D700559F63 /* ResultViewModel.swift */; };
		95AEB8FB241E0B6000559F63 /* ResultView.swift in Sources */ = {isa = PBXBuildFile; fileRef = 95AEB8FA241E0B6000559F63 /* ResultView.swift */; };
		95AEB8FD241E129D00559F63 /* ResultRow.swift in Sources */ = {isa = PBXBuildFile; fileRef = 95AEB8FC241E129D00559F63 /* ResultRow.swift */; };
		DDA55D3A096C8235CBE5FA51 /* Pods_01unkoApp.framework in Frameworks */ = {isa = PBXBuildFile; fileRef = 26EF997F5BDA72D3F4027810 /* Pods_01unkoApp.framework */; };
/* End PBXBuildFile section */

/* Begin PBXFileReference section */
		26EF997F5BDA72D3F4027810 /* Pods_01unkoApp.framework */ = {isa = PBXFileReference; explicitFileType = wrapper.framework; includeInIndex = 0; path = Pods_01unkoApp.framework; sourceTree = BUILT_PRODUCTS_DIR; };
		36D92B5269758385C4804A2C /* Pods-01unkoApp.debug.xcconfig */ = {isa = PBXFileReference; includeInIndex = 1; lastKnownFileType = text.xcconfig; name = "Pods-01unkoApp.debug.xcconfig"; path = "Target Support Files/Pods-01unkoApp/Pods-01unkoApp.debug.xcconfig"; sourceTree = "<group>"; };
		95AEB8DF241DEA7700559F63 /* 01unkoApp.app */ = {isa = PBXFileReference; explicitFileType = wrapper.application; includeInIndex = 0; path = 01unkoApp.app; sourceTree = BUILT_PRODUCTS_DIR; };
		95AEB8E2241DEA7700559F63 /* AppDelegate.swift */ = {isa = PBXFileReference; lastKnownFileType = sourcecode.swift; path = AppDelegate.swift; sourceTree = "<group>"; };
		95AEB8E4241DEA7700559F63 /* SceneDelegate.swift */ = {isa = PBXFileReference; lastKnownFileType = sourcecode.swift; path = SceneDelegate.swift; sourceTree = "<group>"; };
		95AEB8E6241DEA7700559F63 /* ContentView.swift */ = {isa = PBXFileReference; lastKnownFileType = sourcecode.swift; path = ContentView.swift; sourceTree = "<group>"; };
		95AEB8E8241DEA7900559F63 /* Assets.xcassets */ = {isa = PBXFileReference; lastKnownFileType = folder.assetcatalog; path = Assets.xcassets; sourceTree = "<group>"; };
		95AEB8EB241DEA7A00559F63 /* Preview Assets.xcassets */ = {isa = PBXFileReference; lastKnownFileType = folder.assetcatalog; path = "Preview Assets.xcassets"; sourceTree = "<group>"; };
		95AEB8EE241DEA7A00559F63 /* Base */ = {isa = PBXFileReference; lastKnownFileType = file.storyboard; name = Base; path = Base.lproj/LaunchScreen.storyboard; sourceTree = "<group>"; };
		95AEB8F0241DEA7A00559F63 /* Info.plist */ = {isa = PBXFileReference; lastKnownFileType = text.plist.xml; path = Info.plist; sourceTree = "<group>"; };
		95AEB8F6241E02CD00559F63 /* GoogleService-Info.plist */ = {isa = PBXFileReference; fileEncoding = 4; lastKnownFileType = text.plist.xml; path = "GoogleService-Info.plist"; sourceTree = "<group>"; };
		95AEB8F8241E07D700559F63 /* ResultViewModel.swift */ = {isa = PBXFileReference; lastKnownFileType = sourcecode.swift; path = ResultViewModel.swift; sourceTree = "<group>"; };
		95AEB8FA241E0B6000559F63 /* ResultView.swift */ = {isa = PBXFileReference; lastKnownFileType = sourcecode.swift; path = ResultView.swift; sourceTree = "<group>"; };
		95AEB8FC241E129D00559F63 /* ResultRow.swift */ = {isa = PBXFileReference; lastKnownFileType = sourcecode.swift; path = ResultRow.swift; sourceTree = "<group>"; };
		EE86690D17917750B8AA2EC2 /* Pods-01unkoApp.release.xcconfig */ = {isa = PBXFileReference; includeInIndex = 1; lastKnownFileType = text.xcconfig; name = "Pods-01unkoApp.release.xcconfig"; path = "Target Support Files/Pods-01unkoApp/Pods-01unkoApp.release.xcconfig"; sourceTree = "<group>"; };
/* End PBXFileReference section */

/* Begin PBXFrameworksBuildPhase section */
		95AEB8DC241DEA7700559F63 /* Frameworks */ = {
			isa = PBXFrameworksBuildPhase;
			buildActionMask = 2147483647;
			files = (
				DDA55D3A096C8235CBE5FA51 /* Pods_01unkoApp.framework in Frameworks */,
			);
			runOnlyForDeploymentPostprocessing = 0;
		};
/* End PBXFrameworksBuildPhase section */

/* Begin PBXGroup section */
		95AEB8D6241DEA7700559F63 = {
			isa = PBXGroup;
			children = (
				95AEB8E1241DEA7700559F63 /* 01unkoApp */,
				95AEB8E0241DEA7700559F63 /* Products */,
				E42E7E51F0D10D5EDD3436FB /* Pods */,
				B7F5D6711E04C4AC4B2BEB1E /* Frameworks */,
			);
			sourceTree = "<group>";
		};
		95AEB8E0241DEA7700559F63 /* Products */ = {
			isa = PBXGroup;
			children = (
				95AEB8DF241DEA7700559F63 /* 01unkoApp.app */,
			);
			name = Products;
			sourceTree = "<group>";
		};
		95AEB8E1241DEA7700559F63 /* 01unkoApp */ = {
			isa = PBXGroup;
			children = (
				95AEB8E2241DEA7700559F63 /* AppDelegate.swift */,
				95AEB8E4241DEA7700559F63 /* SceneDelegate.swift */,
				95AEB8FA241E0B6000559F63 /* ResultView.swift */,
				95AEB8FC241E129D00559F63 /* ResultRow.swift */,
				95AEB8F8241E07D700559F63 /* ResultViewModel.swift */,
				95AEB8E6241DEA7700559F63 /* ContentView.swift */,
				95AEB8E8241DEA7900559F63 /* Assets.xcassets */,
				95AEB8ED241DEA7A00559F63 /* LaunchScreen.storyboard */,
				95AEB8F6241E02CD00559F63 /* GoogleService-Info.plist */,
				95AEB8F0241DEA7A00559F63 /* Info.plist */,
				95AEB8EA241DEA7A00559F63 /* Preview Content */,
			);
			path = 01unkoApp;
			sourceTree = "<group>";
		};
		95AEB8EA241DEA7A00559F63 /* Preview Content */ = {
			isa = PBXGroup;
			children = (
				95AEB8EB241DEA7A00559F63 /* Preview Assets.xcassets */,
			);
			path = "Preview Content";
			sourceTree = "<group>";
		};
		B7F5D6711E04C4AC4B2BEB1E /* Frameworks */ = {
			isa = PBXGroup;
			children = (
				26EF997F5BDA72D3F4027810 /* Pods_01unkoApp.framework */,
			);
			name = Frameworks;
			sourceTree = "<group>";
		};
		E42E7E51F0D10D5EDD3436FB /* Pods */ = {
			isa = PBXGroup;
			children = (
				36D92B5269758385C4804A2C /* Pods-01unkoApp.debug.xcconfig */,
				EE86690D17917750B8AA2EC2 /* Pods-01unkoApp.release.xcconfig */,
			);
			path = Pods;
			sourceTree = "<group>";
		};
/* End PBXGroup section */

/* Begin PBXNativeTarget section */
		95AEB8DE241DEA7700559F63 /* 01unkoApp */ = {
			isa = PBXNativeTarget;
			buildConfigurationList = 95AEB8F3241DEA7A00559F63 /* Build configuration list for PBXNativeTarget "01unkoApp" */;
			buildPhases = (
				12EE6E8CB40AC5642A69E8F7 /* [CP] Check Pods Manifest.lock */,
				95AEB8DB241DEA7700559F63 /* Sources */,
				95AEB8DC241DEA7700559F63 /* Frameworks */,
				95AEB8DD241DEA7700559F63 /* Resources */,
				B7D0C735C865ECCBF87F7D09 /* [CP] Embed Pods Frameworks */,
			);
			buildRules = (
			);
			dependencies = (
			);
			name = 01unkoApp;
			productName = 01unkoApp;
			productReference = 95AEB8DF241DEA7700559F63 /* 01unkoApp.app */;
			productType = "com.apple.product-type.application";
		};
/* End PBXNativeTarget section */

/* Begin PBXProject section */
		95AEB8D7241DEA7700559F63 /* Project object */ = {
			isa = PBXProject;
			attributes = {
				LastSwiftUpdateCheck = 1130;
				LastUpgradeCheck = 1130;
				ORGANIZATIONNAME = "Yuki Shinohara";
				TargetAttributes = {
					95AEB8DE241DEA7700559F63 = {
						CreatedOnToolsVersion = 11.3.1;
					};
				};
			};
			buildConfigurationList = 95AEB8DA241DEA7700559F63 /* Build configuration list for PBXProject "01unkoApp" */;
			compatibilityVersion = "Xcode 9.3";
			developmentRegion = en;
			hasScannedForEncodings = 0;
			knownRegions = (
				en,
				Base,
			);
			mainGroup = 95AEB8D6241DEA7700559F63;
			productRefGroup = 95AEB8E0241DEA7700559F63 /* Products */;
			projectDirPath = "";
			projectRoot = "";
			targets = (
				95AEB8DE241DEA7700559F63 /* 01unkoApp */,
			);
		};
/* End PBXProject section */

/* Begin PBXResourcesBuildPhase section */
		95AEB8DD241DEA7700559F63 /* Resources */ = {
			isa = PBXResourcesBuildPhase;
			buildActionMask = 2147483647;
			files = (
				95AEB8EF241DEA7A00559F63 /* LaunchScreen.storyboard in Resources */,
				95AEB8F7241E02CD00559F63 /* GoogleService-Info.plist in Resources */,
				95AEB8EC241DEA7A00559F63 /* Preview Assets.xcassets in Resources */,
				95AEB8E9241DEA7900559F63 /* Assets.xcassets in Resources */,
			);
			runOnlyForDeploymentPostprocessing = 0;
		};
/* End PBXResourcesBuildPhase section */

/* Begin PBXShellScriptBuildPhase section */
		12EE6E8CB40AC5642A69E8F7 /* [CP] Check Pods Manifest.lock */ = {
			isa = PBXShellScriptBuildPhase;
			buildActionMask = 2147483647;
			files = (
			);
			inputFileListPaths = (
			);
			inputPaths = (
				"${PODS_PODFILE_DIR_PATH}/Podfile.lock",
				"${PODS_ROOT}/Manifest.lock",
			);
			name = "[CP] Check Pods Manifest.lock";
			outputFileListPaths = (
			);
			outputPaths = (
				"$(DERIVED_FILE_DIR)/Pods-01unkoApp-checkManifestLockResult.txt",
			);
			runOnlyForDeploymentPostprocessing = 0;
			shellPath = /bin/sh;
			shellScript = "diff \"${PODS_PODFILE_DIR_PATH}/Podfile.lock\" \"${PODS_ROOT}/Manifest.lock\" > /dev/null\nif [ $? != 0 ] ; then\n    # print error to STDERR\n    echo \"error: The sandbox is not in sync with the Podfile.lock. Run 'pod install' or update your CocoaPods installation.\" >&2\n    exit 1\nfi\n# This output is used by Xcode 'outputs' to avoid re-running this script phase.\necho \"SUCCESS\" > \"${SCRIPT_OUTPUT_FILE_0}\"\n";
			showEnvVarsInLog = 0;
		};
		B7D0C735C865ECCBF87F7D09 /* [CP] Embed Pods Frameworks */ = {
			isa = PBXShellScriptBuildPhase;
			buildActionMask = 2147483647;
			files = (
			);
			inputFileListPaths = (
				"${PODS_ROOT}/Target Support Files/Pods-01unkoApp/Pods-01unkoApp-frameworks-${CONFIGURATION}-input-files.xcfilelist",
			);
			name = "[CP] Embed Pods Frameworks";
			outputFileListPaths = (
				"${PODS_ROOT}/Target Support Files/Pods-01unkoApp/Pods-01unkoApp-frameworks-${CONFIGURATION}-output-files.xcfilelist",
			);
			runOnlyForDeploymentPostprocessing = 0;
			shellPath = /bin/sh;
			shellScript = "\"${PODS_ROOT}/Target Support Files/Pods-01unkoApp/Pods-01unkoApp-frameworks.sh\"\n";
			showEnvVarsInLog = 0;
		};
/* End PBXShellScriptBuildPhase section */

/* Begin PBXSourcesBuildPhase section */
		95AEB8DB241DEA7700559F63 /* Sources */ = {
			isa = PBXSourcesBuildPhase;
			buildActionMask = 2147483647;
			files = (
				95AEB8E3241DEA7700559F63 /* AppDelegate.swift in Sources */,
				95AEB8E5241DEA7700559F63 /* SceneDelegate.swift in Sources */,
				95AEB8FB241E0B6000559F63 /* ResultView.swift in Sources */,
				95AEB8E7241DEA7700559F63 /* ContentView.swift in Sources */,
				95AEB8F9241E07D700559F63 /* ResultViewModel.swift in Sources */,
				95AEB8FD241E129D00559F63 /* ResultRow.swift in Sources */,
			);
			runOnlyForDeploymentPostprocessing = 0;
		};
/* End PBXSourcesBuildPhase section */

/* Begin PBXVariantGroup section */
		95AEB8ED241DEA7A00559F63 /* LaunchScreen.storyboard */ = {
			isa = PBXVariantGroup;
			children = (
				95AEB8EE241DEA7A00559F63 /* Base */,
			);
			name = LaunchScreen.storyboard;
			sourceTree = "<group>";
		};
/* End PBXVariantGroup section */

/* Begin XCBuildConfiguration section */
		95AEB8F1241DEA7A00559F63 /* Debug */ = {
			isa = XCBuildConfiguration;
			buildSettings = {
				ALWAYS_SEARCH_USER_PATHS = NO;
				CLANG_ANALYZER_NONNULL = YES;
				CLANG_ANALYZER_NUMBER_OBJECT_CONVERSION = YES_AGGRESSIVE;
				CLANG_CXX_LANGUAGE_STANDARD = "gnu++14";
				CLANG_CXX_LIBRARY = "libc++";
				CLANG_ENABLE_MODULES = YES;
				CLANG_ENABLE_OBJC_ARC = YES;
				CLANG_ENABLE_OBJC_WEAK = YES;
				CLANG_WARN_BLOCK_CAPTURE_AUTORELEASING = YES;
				CLANG_WARN_BOOL_CONVERSION = YES;
				CLANG_WARN_COMMA = YES;
				CLANG_WARN_CONSTANT_CONVERSION = YES;
				CLANG_WARN_DEPRECATED_OBJC_IMPLEMENTATIONS = YES;
				CLANG_WARN_DIRECT_OBJC_ISA_USAGE = YES_ERROR;
				CLANG_WARN_DOCUMENTATION_COMMENTS = YES;
				CLANG_WARN_EMPTY_BODY = YES;
				CLANG_WARN_ENUM_CONVERSION = YES;
				CLANG_WARN_INFINITE_RECURSION = YES;
				CLANG_WARN_INT_CONVERSION = YES;
				CLANG_WARN_NON_LITERAL_NULL_CONVERSION = YES;
				CLANG_WARN_OBJC_IMPLICIT_RETAIN_SELF = YES;
				CLANG_WARN_OBJC_LITERAL_CONVERSION = YES;
				CLANG_WARN_OBJC_ROOT_CLASS = YES_ERROR;
				CLANG_WARN_RANGE_LOOP_ANALYSIS = YES;
				CLANG_WARN_STRICT_PROTOTYPES = YES;
				CLANG_WARN_SUSPICIOUS_MOVE = YES;
				CLANG_WARN_UNGUARDED_AVAILABILITY = YES_AGGRESSIVE;
				CLANG_WARN_UNREACHABLE_CODE = YES;
				CLANG_WARN__DUPLICATE_METHOD_MATCH = YES;
				COPY_PHASE_STRIP = NO;
				DEBUG_INFORMATION_FORMAT = dwarf;
				ENABLE_STRICT_OBJC_MSGSEND = YES;
				ENABLE_TESTABILITY = YES;
				GCC_C_LANGUAGE_STANDARD = gnu11;
				GCC_DYNAMIC_NO_PIC = NO;
				GCC_NO_COMMON_BLOCKS = YES;
				GCC_OPTIMIZATION_LEVEL = 0;
				GCC_PREPROCESSOR_DEFINITIONS = (
					"DEBUG=1",
					"$(inherited)",
				);
				GCC_WARN_64_TO_32_BIT_CONVERSION = YES;
				GCC_WARN_ABOUT_RETURN_TYPE = YES_ERROR;
				GCC_WARN_UNDECLARED_SELECTOR = YES;
				GCC_WARN_UNINITIALIZED_AUTOS = YES_AGGRESSIVE;
				GCC_WARN_UNUSED_FUNCTION = YES;
				GCC_WARN_UNUSED_VARIABLE = YES;
				IPHONEOS_DEPLOYMENT_TARGET = 13.2;
				MTL_ENABLE_DEBUG_INFO = INCLUDE_SOURCE;
				MTL_FAST_MATH = YES;
				ONLY_ACTIVE_ARCH = YES;
				SDKROOT = iphoneos;
				SWIFT_ACTIVE_COMPILATION_CONDITIONS = DEBUG;
				SWIFT_OPTIMIZATION_LEVEL = "-Onone";
			};
			name = Debug;
		};
		95AEB8F2241DEA7A00559F63 /* Release */ = {
			isa = XCBuildConfiguration;
			buildSettings = {
				ALWAYS_SEARCH_USER_PATHS = NO;
				CLANG_ANALYZER_NONNULL = YES;
				CLANG_ANALYZER_NUMBER_OBJECT_CONVERSION = YES_AGGRESSIVE;
				CLANG_CXX_LANGUAGE_STANDARD = "gnu++14";
				CLANG_CXX_LIBRARY = "libc++";
				CLANG_ENABLE_MODULES = YES;
				CLANG_ENABLE_OBJC_ARC = YES;
				CLANG_ENABLE_OBJC_WEAK = YES;
				CLANG_WARN_BLOCK_CAPTURE_AUTORELEASING = YES;
				CLANG_WARN_BOOL_CONVERSION = YES;
				CLANG_WARN_COMMA = YES;
				CLANG_WARN_CONSTANT_CONVERSION = YES;
				CLANG_WARN_DEPRECATED_OBJC_IMPLEMENTATIONS = YES;
				CLANG_WARN_DIRECT_OBJC_ISA_USAGE = YES_ERROR;
				CLANG_WARN_DOCUMENTATION_COMMENTS = YES;
				CLANG_WARN_EMPTY_BODY = YES;
				CLANG_WARN_ENUM_CONVERSION = YES;
				CLANG_WARN_INFINITE_RECURSION = YES;
				CLANG_WARN_INT_CONVERSION = YES;
				CLANG_WARN_NON_LITERAL_NULL_CONVERSION = YES;
				CLANG_WARN_OBJC_IMPLICIT_RETAIN_SELF = YES;
				CLANG_WARN_OBJC_LITERAL_CONVERSION = YES;
				CLANG_WARN_OBJC_ROOT_CLASS = YES_ERROR;
				CLANG_WARN_RANGE_LOOP_ANALYSIS = YES;
				CLANG_WARN_STRICT_PROTOTYPES = YES;
				CLANG_WARN_SUSPICIOUS_MOVE = YES;
				CLANG_WARN_UNGUARDED_AVAILABILITY = YES_AGGRESSIVE;
				CLANG_WARN_UNREACHABLE_CODE = YES;
				CLANG_WARN__DUPLICATE_METHOD_MATCH = YES;
				COPY_PHASE_STRIP = NO;
				DEBUG_INFORMATION_FORMAT = "dwarf-with-dsym";
				ENABLE_NS_ASSERTIONS = NO;
				ENABLE_STRICT_OBJC_MSGSEND = YES;
				GCC_C_LANGUAGE_STANDARD = gnu11;
				GCC_NO_COMMON_BLOCKS = YES;
				GCC_WARN_64_TO_32_BIT_CONVERSION = YES;
				GCC_WARN_ABOUT_RETURN_TYPE = YES_ERROR;
				GCC_WARN_UNDECLARED_SELECTOR = YES;
				GCC_WARN_UNINITIALIZED_AUTOS = YES_AGGRESSIVE;
				GCC_WARN_UNUSED_FUNCTION = YES;
				GCC_WARN_UNUSED_VARIABLE = YES;
				IPHONEOS_DEPLOYMENT_TARGET = 13.2;
				MTL_ENABLE_DEBUG_INFO = NO;
				MTL_FAST_MATH = YES;
				SDKROOT = iphoneos;
				SWIFT_COMPILATION_MODE = wholemodule;
				SWIFT_OPTIMIZATION_LEVEL = "-O";
				VALIDATE_PRODUCT = YES;
			};
			name = Release;
		};
		95AEB8F4241DEA7A00559F63 /* Debug */ = {
			isa = XCBuildConfiguration;
			baseConfigurationReference = 36D92B5269758385C4804A2C /* Pods-01unkoApp.debug.xcconfig */;
			buildSettings = {
				ASSETCATALOG_COMPILER_APPICON_NAME = AppIcon;
				CODE_SIGN_STYLE = Automatic;
				DEVELOPMENT_ASSET_PATHS = "\"01unkoApp/Preview Content\"";
				DEVELOPMENT_TEAM = 7RFPAQ2NAA;
				ENABLE_PREVIEWS = YES;
				INFOPLIST_FILE = 01unkoApp/Info.plist;
				LD_RUNPATH_SEARCH_PATHS = (
					"$(inherited)",
					"@executable_path/Frameworks",
				);
				PRODUCT_BUNDLE_IDENTIFIER = "com.shino.-1unkoApp";
				PRODUCT_NAME = "$(TARGET_NAME)";
				SWIFT_VERSION = 5.0;
				TARGETED_DEVICE_FAMILY = "1,2";
			};
			name = Debug;
		};
		95AEB8F5241DEA7A00559F63 /* Release */ = {
			isa = XCBuildConfiguration;
			baseConfigurationReference = EE86690D17917750B8AA2EC2 /* Pods-01unkoApp.release.xcconfig */;
			buildSettings = {
				ASSETCATALOG_COMPILER_APPICON_NAME = AppIcon;
				CODE_SIGN_STYLE = Automatic;
				DEVELOPMENT_ASSET_PATHS = "\"01unkoApp/Preview Content\"";
				DEVELOPMENT_TEAM = 7RFPAQ2NAA;
				ENABLE_PREVIEWS = YES;
				INFOPLIST_FILE = 01unkoApp/Info.plist;
				LD_RUNPATH_SEARCH_PATHS = (
					"$(inherited)",
					"@executable_path/Frameworks",
				);
				PRODUCT_BUNDLE_IDENTIFIER = "com.shino.-1unkoApp";
				PRODUCT_NAME = "$(TARGET_NAME)";
				SWIFT_VERSION = 5.0;
				TARGETED_DEVICE_FAMILY = "1,2";
			};
			name = Release;
		};
/* End XCBuildConfiguration section */

/* Begin XCConfigurationList section */
		95AEB8DA241DEA7700559F63 /* Build configuration list for PBXProject "01unkoApp" */ = {
			isa = XCConfigurationList;
			buildConfigurations = (
				95AEB8F1241DEA7A00559F63 /* Debug */,
				95AEB8F2241DEA7A00559F63 /* Release */,
			);
			defaultConfigurationIsVisible = 0;
			defaultConfigurationName = Release;
		};
		95AEB8F3241DEA7A00559F63 /* Build configuration list for PBXNativeTarget "01unkoApp" */ = {
			isa = XCConfigurationList;
			buildConfigurations = (
				95AEB8F4241DEA7A00559F63 /* Debug */,
				95AEB8F5241DEA7A00559F63 /* Release */,
			);
			defaultConfigurationIsVisible = 0;
			defaultConfigurationName = Release;
		};
/* End XCConfigurationList section */
	};
	rootObject = 95AEB8D7241DEA7700559F63 /* Project object */;
}
